
Microsoft Visual Studio Solution File, Format Version 12.00
# Visual Studio Version 16
VisualStudioVersion = 16.0.30309.148
MinimumVisualStudioVersion = 10.0.40219.1
Project("{9A19103F-16F7-4668-BE54-9A1E7A4F7556}") = "Verkettete Liste", "Programmieren II\Verkettete Liste.csproj", "{DC2CF608-D930-4FD9-8F70-8DED6ECCBCBB}"
EndProject
Project("{9A19103F-16F7-4668-BE54-9A1E7A4F7556}") = "Generische Liste", "Generische Liste\Generische Liste.csproj", "{BED0B788-D3CD-4478-A810-CB701D06867C}"
EndProject
Project("{9A19103F-16F7-4668-BE54-9A1E7A4F7556}") = "Generische Teilmenge", "Generische Teilmenge\Generische Teilmenge.csproj", "{874120E5-ABB6-45B9-9C87-5A000B93D022}"
EndProject
Project("{9A19103F-16F7-4668-BE54-9A1E7A4F7556}") = "Verkettete Datenstrukturen und Delegates", "Verkettete Datenstrukturen und Delegates\Verkettete Datenstrukturen und Delegates.csproj", "{0EE547A1-438B-4627-BDD8-C44DC4F6C3F9}"
EndProject
Project("{9A19103F-16F7-4668-BE54-9A1E7A4F7556}") = "Dynamischer Stack", "Dynamischer Stack\Dynamischer Stack.csproj", "{D1B661F9-7E2F-4FC2-BD9B-AF4B9727B6AB}"
EndProject
Project("{9A19103F-16F7-4668-BE54-9A1E7A4F7556}") = "Verkettete Liste Post Operator", "Verkettete Liste Post Operator\Verkettete Liste Post Operator.csproj", "{2888DE67-F8F8-438C-A61B-F082FA842800}"
EndProject
Project("{9A19103F-16F7-4668-BE54-9A1E7A4F7556}") = "FiFoList", "FiFoList\FiFoList.csproj", "{F168AEE6-B355-4A26-8FAF-3B455E62382B}"
EndProject
Project("{9A19103F-16F7-4668-BE54-9A1E7A4F7556}") = "MultiDelegates", "MultiDelegates\MultiDelegates.csproj", "{4F2F6FAB-EB62-4F6F-9C9F-A976C607724F}"
EndProject
Project("{FAE04EC0-301F-11D3-BF4B-00C04F79EFBC}") = "Events", "Events\Events.csproj", "{F538A2AE-9EAE-4CDE-A7B5-DDD4BACF4902}"
EndProject
Global
	GlobalSection(SolutionConfigurationPlatforms) = preSolution
		Debug|Any CPU = Debug|Any CPU
		Release|Any CPU = Release|Any CPU
	EndGlobalSection
	GlobalSection(ProjectConfigurationPlatforms) = postSolution
		{DC2CF608-D930-4FD9-8F70-8DED6ECCBCBB}.Debug|Any CPU.ActiveCfg = Debug|Any CPU
		{DC2CF608-D930-4FD9-8F70-8DED6ECCBCBB}.Debug|Any CPU.Build.0 = Debug|Any CPU
		{DC2CF608-D930-4FD9-8F70-8DED6ECCBCBB}.Release|Any CPU.ActiveCfg = Release|Any CPU
		{DC2CF608-D930-4FD9-8F70-8DED6ECCBCBB}.Release|Any CPU.Build.0 = Release|Any CPU
		{BED0B788-D3CD-4478-A810-CB701D06867C}.Debug|Any CPU.ActiveCfg = Debug|Any CPU
		{BED0B788-D3CD-4478-A810-CB701D06867C}.Debug|Any CPU.Build.0 = Debug|Any CPU
		{BED0B788-D3CD-4478-A810-CB701D06867C}.Release|Any CPU.ActiveCfg = Release|Any CPU
		{BED0B788-D3CD-4478-A810-CB701D06867C}.Release|Any CPU.Build.0 = Release|Any CPU
		{874120E5-ABB6-45B9-9C87-5A000B93D022}.Debug|Any CPU.ActiveCfg = Debug|Any CPU
		{874120E5-ABB6-45B9-9C87-5A000B93D022}.Debug|Any CPU.Build.0 = Debug|Any CPU
		{874120E5-ABB6-45B9-9C87-5A000B93D022}.Release|Any CPU.ActiveCfg = Release|Any CPU
		{874120E5-ABB6-45B9-9C87-5A000B93D022}.Release|Any CPU.Build.0 = Release|Any CPU
		{0EE547A1-438B-4627-BDD8-C44DC4F6C3F9}.Debug|Any CPU.ActiveCfg = Debug|Any CPU
		{0EE547A1-438B-4627-BDD8-C44DC4F6C3F9}.Debug|Any CPU.Build.0 = Debug|Any CPU
		{0EE547A1-438B-4627-BDD8-C44DC4F6C3F9}.Release|Any CPU.ActiveCfg = Release|Any CPU
		{0EE547A1-438B-4627-BDD8-C44DC4F6C3F9}.Release|Any CPU.Build.0 = Release|Any CPU
		{D1B661F9-7E2F-4FC2-BD9B-AF4B9727B6AB}.Debug|Any CPU.ActiveCfg = Debug|Any CPU
		{D1B661F9-7E2F-4FC2-BD9B-AF4B9727B6AB}.Debug|Any CPU.Build.0 = Debug|Any CPU
		{D1B661F9-7E2F-4FC2-BD9B-AF4B9727B6AB}.Release|Any CPU.ActiveCfg = Release|Any CPU
		{D1B661F9-7E2F-4FC2-BD9B-AF4B9727B6AB}.Release|Any CPU.Build.0 = Release|Any CPU
		{2888DE67-F8F8-438C-A61B-F082FA842800}.Debug|Any CPU.ActiveCfg = Debug|Any CPU
		{2888DE67-F8F8-438C-A61B-F082FA842800}.Debug|Any CPU.Build.0 = Debug|Any CPU
		{2888DE67-F8F8-438C-A61B-F082FA842800}.Release|Any CPU.ActiveCfg = Release|Any CPU
		{2888DE67-F8F8-438C-A61B-F082FA842800}.Release|Any CPU.Build.0 = Release|Any CPU
		{F168AEE6-B355-4A26-8FAF-3B455E62382B}.Debug|Any CPU.ActiveCfg = Debug|Any CPU
		{F168AEE6-B355-4A26-8FAF-3B455E62382B}.Debug|Any CPU.Build.0 = Debug|Any CPU
		{F168AEE6-B355-4A26-8FAF-3B455E62382B}.Release|Any CPU.ActiveCfg = Release|Any CPU
		{F168AEE6-B355-4A26-8FAF-3B455E62382B}.Release|Any CPU.Build.0 = Release|Any CPU
		{4F2F6FAB-EB62-4F6F-9C9F-A976C607724F}.Debug|Any CPU.ActiveCfg = Debug|Any CPU
		{4F2F6FAB-EB62-4F6F-9C9F-A976C607724F}.Debug|Any CPU.Build.0 = Debug|Any CPU
		{4F2F6FAB-EB62-4F6F-9C9F-A976C607724F}.Release|Any CPU.ActiveCfg = Release|Any CPU
		{4F2F6FAB-EB62-4F6F-9C9F-A976C607724F}.Release|Any CPU.Build.0 = Release|Any CPU
		{F538A2AE-9EAE-4CDE-A7B5-DDD4BACF4902}.Debug|Any CPU.ActiveCfg = Debug|Any CPU
		{F538A2AE-9EAE-4CDE-A7B5-DDD4BACF4902}.Debug|Any CPU.Build.0 = Debug|Any CPU
		{F538A2AE-9EAE-4CDE-A7B5-DDD4BACF4902}.Release|Any CPU.ActiveCfg = Release|Any CPU
		{F538A2AE-9EAE-4CDE-A7B5-DDD4BACF4902}.Release|Any CPU.Build.0 = Release|Any CPU
	EndGlobalSection
	GlobalSection(SolutionProperties) = preSolution
		HideSolutionNode = FALSE
	EndGlobalSection
	GlobalSection(ExtensibilityGlobals) = postSolution
		SolutionGuid = {183A1E55-9860-48F9-A27E-B48A2511D7BE}
	EndGlobalSection
EndGlobal
