
Microsoft Visual Studio Solution File, Format Version 12.00
# Visual Studio Version 16
VisualStudioVersion = 16.0.30309.148
MinimumVisualStudioVersion = 10.0.40219.1
Project("{FAE04EC0-301F-11D3-BF4B-00C04F79EFBC}") = "Int Array", "Programmieren I\Int Array.csproj", "{00A59B13-C08B-4516-A0DF-18FEB3B85FFF}"
EndProject
Global
	GlobalSection(SolutionConfigurationPlatforms) = preSolution
		Debug|Any CPU = Debug|Any CPU
		Release|Any CPU = Release|Any CPU
	EndGlobalSection
	GlobalSection(ProjectConfigurationPlatforms) = postSolution
		{00A59B13-C08B-4516-A0DF-18FEB3B85FFF}.Debug|Any CPU.ActiveCfg = Debug|Any CPU
		{00A59B13-C08B-4516-A0DF-18FEB3B85FFF}.Debug|Any CPU.Build.0 = Debug|Any CPU
		{00A59B13-C08B-4516-A0DF-18FEB3B85FFF}.Release|Any CPU.ActiveCfg = Release|Any CPU
		{00A59B13-C08B-4516-A0DF-18FEB3B85FFF}.Release|Any CPU.Build.0 = Release|Any CPU
	EndGlobalSection
	GlobalSection(SolutionProperties) = preSolution
		HideSolutionNode = FALSE
	EndGlobalSection
	GlobalSection(ExtensibilityGlobals) = postSolution
		SolutionGuid = {DFE025AC-BBBB-41CB-A568-11016A8100D1}
	EndGlobalSection
EndGlobal
